// !$*UTF8*$!
{
	archiveVersion = 1;
	classes = {
	};
	objectVersion = 46;
	objects = {

/* Begin PBXBuildFile section */
		FA8E8BAE1DD83FEE003CDBE2 /* AppDelegate.swift in Sources */ = {isa = PBXBuildFile; fileRef = FA8E8BAD1DD83FEE003CDBE2 /* AppDelegate.swift */; };
		FA8E8BB01DD83FEE003CDBE2 /* ViewController.swift in Sources */ = {isa = PBXBuildFile; fileRef = FA8E8BAF1DD83FEE003CDBE2 /* ViewController.swift */; };
		FA8E8BB31DD83FEE003CDBE2 /* Main.storyboard in Resources */ = {isa = PBXBuildFile; fileRef = FA8E8BB11DD83FEE003CDBE2 /* Main.storyboard */; };
		FA8E8BB51DD83FEE003CDBE2 /* Assets.xcassets in Resources */ = {isa = PBXBuildFile; fileRef = FA8E8BB41DD83FEE003CDBE2 /* Assets.xcassets */; };
		FA8E8BB81DD83FEE003CDBE2 /* LaunchScreen.storyboard in Resources */ = {isa = PBXBuildFile; fileRef = FA8E8BB61DD83FEE003CDBE2 /* LaunchScreen.storyboard */; };
		FA8E8BC71DD849A3003CDBE2 /* Bolts.framework in Frameworks */ = {isa = PBXBuildFile; fileRef = FA8E8BC21DD849A3003CDBE2 /* Bolts.framework */; };
		FA8E8BC81DD849A3003CDBE2 /* FacebookCore.framework in Frameworks */ = {isa = PBXBuildFile; fileRef = FA8E8BC31DD849A3003CDBE2 /* FacebookCore.framework */; };
		FA8E8BC91DD849A3003CDBE2 /* FacebookLogin.framework in Frameworks */ = {isa = PBXBuildFile; fileRef = FA8E8BC41DD849A3003CDBE2 /* FacebookLogin.framework */; };
		FA8E8BCA1DD849A3003CDBE2 /* FBSDKCoreKit.framework in Frameworks */ = {isa = PBXBuildFile; fileRef = FA8E8BC51DD849A3003CDBE2 /* FBSDKCoreKit.framework */; };
		FA8E8BCB1DD849A3003CDBE2 /* FBSDKLoginKit.framework in Frameworks */ = {isa = PBXBuildFile; fileRef = FA8E8BC61DD849A3003CDBE2 /* FBSDKLoginKit.framework */; };
/* End PBXBuildFile section */

/* Begin PBXFileReference section */
		FA8E8BAA1DD83FEE003CDBE2 /* FacebookLoginSample-iOS.app */ = {isa = PBXFileReference; explicitFileType = wrapper.application; includeInIndex = 0; path = "FacebookLoginSample-iOS.app"; sourceTree = BUILT_PRODUCTS_DIR; };
		FA8E8BAD1DD83FEE003CDBE2 /* AppDelegate.swift */ = {isa = PBXFileReference; lastKnownFileType = sourcecode.swift; path = AppDelegate.swift; sourceTree = "<group>"; };
		FA8E8BAF1DD83FEE003CDBE2 /* ViewController.swift */ = {isa = PBXFileReference; lastKnownFileType = sourcecode.swift; path = ViewController.swift; sourceTree = "<group>"; };
		FA8E8BB21DD83FEE003CDBE2 /* Base */ = {isa = PBXFileReference; lastKnownFileType = file.storyboard; name = Base; path = Base.lproj/Main.storyboard; sourceTree = "<group>"; };
		FA8E8BB41DD83FEE003CDBE2 /* Assets.xcassets */ = {isa = PBXFileReference; lastKnownFileType = folder.assetcatalog; path = Assets.xcassets; sourceTree = "<group>"; };
		FA8E8BB71DD83FEE003CDBE2 /* Base */ = {isa = PBXFileReference; lastKnownFileType = file.storyboard; name = Base; path = Base.lproj/LaunchScreen.storyboard; sourceTree = "<group>"; };
		FA8E8BB91DD83FEE003CDBE2 /* Info.plist */ = {isa = PBXFileReference; lastKnownFileType = text.plist.xml; path = Info.plist; sourceTree = "<group>"; };
		FA8E8BC21DD849A3003CDBE2 /* Bolts.framework */ = {isa = PBXFileReference; lastKnownFileType = wrapper.framework; name = Bolts.framework; path = Carthage/Build/iOS/Bolts.framework; sourceTree = "<group>"; };
		FA8E8BC31DD849A3003CDBE2 /* FacebookCore.framework */ = {isa = PBXFileReference; lastKnownFileType = wrapper.framework; name = FacebookCore.framework; path = Carthage/Build/iOS/FacebookCore.framework; sourceTree = "<group>"; };
		FA8E8BC41DD849A3003CDBE2 /* FacebookLogin.framework */ = {isa = PBXFileReference; lastKnownFileType = wrapper.framework; name = FacebookLogin.framework; path = Carthage/Build/iOS/FacebookLogin.framework; sourceTree = "<group>"; };
		FA8E8BC51DD849A3003CDBE2 /* FBSDKCoreKit.framework */ = {isa = PBXFileReference; lastKnownFileType = wrapper.framework; name = FBSDKCoreKit.framework; path = Carthage/Build/iOS/FBSDKCoreKit.framework; sourceTree = "<group>"; };
		FA8E8BC61DD849A3003CDBE2 /* FBSDKLoginKit.framework */ = {isa = PBXFileReference; lastKnownFileType = wrapper.framework; name = FBSDKLoginKit.framework; path = Carthage/Build/iOS/FBSDKLoginKit.framework; sourceTree = "<group>"; };
		FA8E8BCC1DD84BDD003CDBE2 /* FacebookLoginSample-iOS.entitlements */ = {isa = PBXFileReference; lastKnownFileType = text.plist.entitlements; path = "FacebookLoginSample-iOS.entitlements"; sourceTree = "<group>"; };
/* End PBXFileReference section */

/* Begin PBXFrameworksBuildPhase section */
		FA8E8BA71DD83FEE003CDBE2 /* Frameworks */ = {
			isa = PBXFrameworksBuildPhase;
			buildActionMask = 2147483647;
			files = (
				FA8E8BC71DD849A3003CDBE2 /* Bolts.framework in Frameworks */,
				FA8E8BC81DD849A3003CDBE2 /* FacebookCore.framework in Frameworks */,
				FA8E8BC91DD849A3003CDBE2 /* FacebookLogin.framework in Frameworks */,
				FA8E8BCA1DD849A3003CDBE2 /* FBSDKCoreKit.framework in Frameworks */,
				FA8E8BCB1DD849A3003CDBE2 /* FBSDKLoginKit.framework in Frameworks */,
			);
			runOnlyForDeploymentPostprocessing = 0;
		};
/* End PBXFrameworksBuildPhase section */

/* Begin PBXGroup section */
		FA8E8BA11DD83FEE003CDBE2 = {
			isa = PBXGroup;
			children = (
				FA8E8BAC1DD83FEE003CDBE2 /* FacebookLoginSample-iOS */,
				FA8E8BAB1DD83FEE003CDBE2 /* Products */,
				FA8E8BC11DD849A1003CDBE2 /* Frameworks */,
			);
			sourceTree = "<group>";
		};
		FA8E8BAB1DD83FEE003CDBE2 /* Products */ = {
			isa = PBXGroup;
			children = (
				FA8E8BAA1DD83FEE003CDBE2 /* FacebookLoginSample-iOS.app */,
			);
			name = Products;
			sourceTree = "<group>";
		};
		FA8E8BAC1DD83FEE003CDBE2 /* FacebookLoginSample-iOS */ = {
			isa = PBXGroup;
			children = (
				FA8E8BCC1DD84BDD003CDBE2 /* FacebookLoginSample-iOS.entitlements */,
				FA8E8BAD1DD83FEE003CDBE2 /* AppDelegate.swift */,
				FA8E8BAF1DD83FEE003CDBE2 /* ViewController.swift */,
				FA8E8BB11DD83FEE003CDBE2 /* Main.storyboard */,
				FA8E8BB41DD83FEE003CDBE2 /* Assets.xcassets */,
				FA8E8BB61DD83FEE003CDBE2 /* LaunchScreen.storyboard */,
				FA8E8BB91DD83FEE003CDBE2 /* Info.plist */,
			);
			path = "FacebookLoginSample-iOS";
			sourceTree = "<group>";
		};
		FA8E8BC11DD849A1003CDBE2 /* Frameworks */ = {
			isa = PBXGroup;
			children = (
				FA8E8BC21DD849A3003CDBE2 /* Bolts.framework */,
				FA8E8BC31DD849A3003CDBE2 /* FacebookCore.framework */,
				FA8E8BC41DD849A3003CDBE2 /* FacebookLogin.framework */,
				FA8E8BC51DD849A3003CDBE2 /* FBSDKCoreKit.framework */,
				FA8E8BC61DD849A3003CDBE2 /* FBSDKLoginKit.framework */,
			);
			name = Frameworks;
			sourceTree = "<group>";
		};
/* End PBXGroup section */

/* Begin PBXNativeTarget section */
		FA8E8BA91DD83FEE003CDBE2 /* FacebookLoginSample-iOS */ = {
			isa = PBXNativeTarget;
			buildConfigurationList = FA8E8BBC1DD83FEE003CDBE2 /* Build configuration list for PBXNativeTarget "FacebookLoginSample-iOS" */;
			buildPhases = (
				FA8E8BA61DD83FEE003CDBE2 /* Sources */,
				FA8E8BA71DD83FEE003CDBE2 /* Frameworks */,
				FA8E8BA81DD83FEE003CDBE2 /* Resources */,
				FA8E8BBF1DD840B5003CDBE2 /* ShellScript */,
				FA8E8BC01DD840EE003CDBE2 /* ShellScript */,
			);
			buildRules = (
			);
			dependencies = (
			);
			name = "FacebookLoginSample-iOS";
			productName = "FacebookLoginSample-iOS";
			productReference = FA8E8BAA1DD83FEE003CDBE2 /* FacebookLoginSample-iOS.app */;
			productType = "com.apple.product-type.application";
		};
/* End PBXNativeTarget section */

/* Begin PBXProject section */
		FA8E8BA21DD83FEE003CDBE2 /* Project object */ = {
			isa = PBXProject;
			attributes = {
				LastSwiftUpdateCheck = 0810;
				LastUpgradeCheck = 0810;
				ORGANIZATIONNAME = "Alex Pogue";
				TargetAttributes = {
					FA8E8BA91DD83FEE003CDBE2 = {
						CreatedOnToolsVersion = 8.1;
						DevelopmentTeam = 4HFH82RSTK;
						ProvisioningStyle = Automatic;
						SystemCapabilities = {
							com.apple.Keychain = {
								enabled = 1;
							};
						};
					};
				};
			};
			buildConfigurationList = FA8E8BA51DD83FEE003CDBE2 /* Build configuration list for PBXProject "FacebookLoginSample-iOS" */;
			compatibilityVersion = "Xcode 3.2";
			developmentRegion = English;
			hasScannedForEncodings = 0;
			knownRegions = (
				en,
				Base,
			);
			mainGroup = FA8E8BA11DD83FEE003CDBE2;
			productRefGroup = FA8E8BAB1DD83FEE003CDBE2 /* Products */;
			projectDirPath = "";
			projectRoot = "";
			targets = (
				FA8E8BA91DD83FEE003CDBE2 /* FacebookLoginSample-iOS */,
			);
		};
/* End PBXProject section */

/* Begin PBXResourcesBuildPhase section */
		FA8E8BA81DD83FEE003CDBE2 /* Resources */ = {
			isa = PBXResourcesBuildPhase;
			buildActionMask = 2147483647;
			files = (
				FA8E8BB81DD83FEE003CDBE2 /* LaunchScreen.storyboard in Resources */,
				FA8E8BB51DD83FEE003CDBE2 /* Assets.xcassets in Resources */,
				FA8E8BB31DD83FEE003CDBE2 /* Main.storyboard in Resources */,
			);
			runOnlyForDeploymentPostprocessing = 0;
		};
/* End PBXResourcesBuildPhase section */

/* Begin PBXShellScriptBuildPhase section */
		FA8E8BBF1DD840B5003CDBE2 /* ShellScript */ = {
			isa = PBXShellScriptBuildPhase;
			buildActionMask = 2147483647;
			files = (
			);
			inputPaths = (
				"$(SRCROOT)/Carthage/Build/iOS/FacebookCore.framework",
				"$(SRCROOT)/Carthage/Build/iOS/FBSDKCoreKit.framework",
				"$(SRCROOT)/Carthage/Build/iOS/Bolts.framework",
				"$(SRCROOT)/Carthage/Build/iOS/FacebookLogin.framework",
				"$(SRCROOT)/Carthage/Build/iOS/FBSDKLoginKit.framework",
			);
			outputPaths = (
			);
			runOnlyForDeploymentPostprocessing = 0;
			shellPath = /bin/sh;
			shellScript = "/usr/local/bin/carthage copy-frameworks";
		};
		FA8E8BC01DD840EE003CDBE2 /* ShellScript */ = {
			isa = PBXShellScriptBuildPhase;
			buildActionMask = 2147483647;
			files = (
			);
			inputPaths = (
			);
			outputPaths = (
			);
			runOnlyForDeploymentPostprocessing = 0;
			shellPath = /bin/sh;
			shellScript = "INFO_PLIST=\"${PROJECT}/Info.plist\"\nsource FacebookAppInfo.sh\nif [ -n ${FACEBOOK_APP_ID} ]; then\n/usr/libexec/PlistBuddy -c \"Set :FacebookAppID ${FACEBOOK_APP_ID}\" ${INFO_PLIST}\nfi\nif [ -n ${FACEBOOK_DISPLAY_NAME} ]; then\n/usr/libexec/PlistBuddy -c \"Set :FacebookDisplayName ${FACEBOOK_DISPLAY_NAME}\" ${INFO_PLIST}\nfi\nif [ -n ${FACEBOOK_APP_URL_SCHEME} ]; then\n/usr/libexec/PlistBuddy -c \"Delete :CFBundleURLTypes:0:CFBundleURLSchemes\" ${INFO_PLIST}\n/usr/libexec/PlistBuddy -c \"Add :CFBundleURLTypes:0:CFBundleURLSchemes array\" ${INFO_PLIST}\n/usr/libexec/PlistBuddy -c \"Add :CFBundleURLTypes:0:CFBundleURLSchemes: string ${FACEBOOK_APP_URL_SCHEME}\" ${INFO_PLIST}\nfi";
		};
/* End PBXShellScriptBuildPhase section */

/* Begin PBXSourcesBuildPhase section */
		FA8E8BA61DD83FEE003CDBE2 /* Sources */ = {
			isa = PBXSourcesBuildPhase;
			buildActionMask = 2147483647;
			files = (
				FA8E8BB01DD83FEE003CDBE2 /* ViewController.swift in Sources */,
				FA8E8BAE1DD83FEE003CDBE2 /* AppDelegate.swift in Sources */,
			);
			runOnlyForDeploymentPostprocessing = 0;
		};
/* End PBXSourcesBuildPhase section */

/* Begin PBXVariantGroup section */
		FA8E8BB11DD83FEE003CDBE2 /* Main.storyboard */ = {
			isa = PBXVariantGroup;
			children = (
				FA8E8BB21DD83FEE003CDBE2 /* Base */,
			);
			name = Main.storyboard;
			sourceTree = "<group>";
		};
		FA8E8BB61DD83FEE003CDBE2 /* LaunchScreen.storyboard */ = {
			isa = PBXVariantGroup;
			children = (
				FA8E8BB71DD83FEE003CDBE2 /* Base */,
			);
			name = LaunchScreen.storyboard;
			sourceTree = "<group>";
		};
/* End PBXVariantGroup section */

/* Begin XCBuildConfiguration section */
		FA8E8BBA1DD83FEE003CDBE2 /* Debug */ = {
			isa = XCBuildConfiguration;
			buildSettings = {
				ALWAYS_SEARCH_USER_PATHS = NO;
				CLANG_ANALYZER_NONNULL = YES;
				CLANG_CXX_LANGUAGE_STANDARD = "gnu++0x";
				CLANG_CXX_LIBRARY = "libc++";
				CLANG_ENABLE_MODULES = YES;
				CLANG_ENABLE_OBJC_ARC = YES;
				CLANG_WARN_BOOL_CONVERSION = YES;
				CLANG_WARN_CONSTANT_CONVERSION = YES;
				CLANG_WARN_DIRECT_OBJC_ISA_USAGE = YES_ERROR;
				CLANG_WARN_DOCUMENTATION_COMMENTS = YES;
				CLANG_WARN_EMPTY_BODY = YES;
				CLANG_WARN_ENUM_CONVERSION = YES;
				CLANG_WARN_INFINITE_RECURSION = YES;
				CLANG_WARN_INT_CONVERSION = YES;
				CLANG_WARN_OBJC_ROOT_CLASS = YES_ERROR;
				CLANG_WARN_SUSPICIOUS_MOVES = YES;
				CLANG_WARN_UNREACHABLE_CODE = YES;
				CLANG_WARN__DUPLICATE_METHOD_MATCH = YES;
				"CODE_SIGN_IDENTITY[sdk=iphoneos*]" = "iPhone Developer";
				COPY_PHASE_STRIP = NO;
				DEBUG_INFORMATION_FORMAT = dwarf;
				ENABLE_STRICT_OBJC_MSGSEND = YES;
				ENABLE_TESTABILITY = YES;
				GCC_C_LANGUAGE_STANDARD = gnu99;
				GCC_DYNAMIC_NO_PIC = NO;
				GCC_NO_COMMON_BLOCKS = YES;
				GCC_OPTIMIZATION_LEVEL = 0;
				GCC_PREPROCESSOR_DEFINITIONS = (
					"DEBUG=1",
					"$(inherited)",
				);
				GCC_WARN_64_TO_32_BIT_CONVERSION = YES;
				GCC_WARN_ABOUT_RETURN_TYPE = YES_ERROR;
				GCC_WARN_UNDECLARED_SELECTOR = YES;
				GCC_WARN_UNINITIALIZED_AUTOS = YES_AGGRESSIVE;
				GCC_WARN_UNUSED_FUNCTION = YES;
				GCC_WARN_UNUSED_VARIABLE = YES;
				IPHONEOS_DEPLOYMENT_TARGET = 10.1;
				MTL_ENABLE_DEBUG_INFO = YES;
				ONLY_ACTIVE_ARCH = YES;
				SDKROOT = iphoneos;
				SWIFT_ACTIVE_COMPILATION_CONDITIONS = DEBUG;
				SWIFT_OPTIMIZATION_LEVEL = "-Onone";
				TARGETED_DEVICE_FAMILY = "1,2";
			};
			name = Debug;
		};
		FA8E8BBB1DD83FEE003CDBE2 /* Release */ = {
			isa = XCBuildConfiguration;
			buildSettings = {
				ALWAYS_SEARCH_USER_PATHS = NO;
				CLANG_ANALYZER_NONNULL = YES;
				CLANG_CXX_LANGUAGE_STANDARD = "gnu++0x";
				CLANG_CXX_LIBRARY = "libc++";
				CLANG_ENABLE_MODULES = YES;
				CLANG_ENABLE_OBJC_ARC = YES;
				CLANG_WARN_BOOL_CONVERSION = YES;
				CLANG_WARN_CONSTANT_CONVERSION = YES;
				CLANG_WARN_DIRECT_OBJC_ISA_USAGE = YES_ERROR;
				CLANG_WARN_DOCUMENTATION_COMMENTS = YES;
				CLANG_WARN_EMPTY_BODY = YES;
				CLANG_WARN_ENUM_CONVERSION = YES;
				CLANG_WARN_INFINITE_RECURSION = YES;
				CLANG_WARN_INT_CONVERSION = YES;
				CLANG_WARN_OBJC_ROOT_CLASS = YES_ERROR;
				CLANG_WARN_SUSPICIOUS_MOVES = YES;
				CLANG_WARN_UNREACHABLE_CODE = YES;
				CLANG_WARN__DUPLICATE_METHOD_MATCH = YES;
				"CODE_SIGN_IDENTITY[sdk=iphoneos*]" = "iPhone Developer";
				COPY_PHASE_STRIP = NO;
				DEBUG_INFORMATION_FORMAT = "dwarf-with-dsym";
				ENABLE_NS_ASSERTIONS = NO;
				ENABLE_STRICT_OBJC_MSGSEND = YES;
				GCC_C_LANGUAGE_STANDARD = gnu99;
				GCC_NO_COMMON_BLOCKS = YES;
				GCC_WARN_64_TO_32_BIT_CONVERSION = YES;
				GCC_WARN_ABOUT_RETURN_TYPE = YES_ERROR;
				GCC_WARN_UNDECLARED_SELECTOR = YES;
				GCC_WARN_UNINITIALIZED_AUTOS = YES_AGGRESSIVE;
				GCC_WARN_UNUSED_FUNCTION = YES;
				GCC_WARN_UNUSED_VARIABLE = YES;
				IPHONEOS_DEPLOYMENT_TARGET = 10.1;
				MTL_ENABLE_DEBUG_INFO = NO;
				SDKROOT = iphoneos;
				SWIFT_OPTIMIZATION_LEVEL = "-Owholemodule";
				TARGETED_DEVICE_FAMILY = "1,2";
				VALIDATE_PRODUCT = YES;
			};
			name = Release;
		};
		FA8E8BBD1DD83FEE003CDBE2 /* Debug */ = {
			isa = XCBuildConfiguration;
			buildSettings = {
				ASSETCATALOG_COMPILER_APPICON_NAME = AppIcon;
				CODE_SIGN_ENTITLEMENTS = "FacebookLoginSample-iOS/FacebookLoginSample-iOS.entitlements";
				DEVELOPMENT_TEAM = 4HFH82RSTK;
				FRAMEWORK_SEARCH_PATHS = (
					"$(inherited)",
					"$(PROJECT_DIR)/Carthage/Build/iOS",
				);
				INFOPLIST_FILE = "FacebookLoginSample-iOS/Info.plist";
				LD_RUNPATH_SEARCH_PATHS = "$(inherited) @executable_path/Frameworks";
				PRODUCT_BUNDLE_IDENTIFIER = "com.alexpogue.FacebookLoginSample-iOS";
				PRODUCT_NAME = "$(TARGET_NAME)";
				SWIFT_VERSION = 3.0;
			};
			name = Debug;
		};
		FA8E8BBE1DD83FEE003CDBE2 /* Release */ = {
			isa = XCBuildConfiguration;
			buildSettings = {
				ASSETCATALOG_COMPILER_APPICON_NAME = AppIcon;
				CODE_SIGN_ENTITLEMENTS = "FacebookLoginSample-iOS/FacebookLoginSample-iOS.entitlements";
				DEVELOPMENT_TEAM = 4HFH82RSTK;
				FRAMEWORK_SEARCH_PATHS = (
					"$(inherited)",
					"$(PROJECT_DIR)/Carthage/Build/iOS",
				);
				INFOPLIST_FILE = "FacebookLoginSample-iOS/Info.plist";
				LD_RUNPATH_SEARCH_PATHS = "$(inherited) @executable_path/Frameworks";
				PRODUCT_BUNDLE_IDENTIFIER = "com.alexpogue.FacebookLoginSample-iOS";
				PRODUCT_NAME = "$(TARGET_NAME)";
				SWIFT_VERSION = 3.0;
			};
			name = Release;
		};
/* End XCBuildConfiguration section */

/* Begin XCConfigurationList section */
		FA8E8BA51DD83FEE003CDBE2 /* Build configuration list for PBXProject "FacebookLoginSample-iOS" */ = {
			isa = XCConfigurationList;
			buildConfigurations = (
				FA8E8BBA1DD83FEE003CDBE2 /* Debug */,
				FA8E8BBB1DD83FEE003CDBE2 /* Release */,
			);
			defaultConfigurationIsVisible = 0;
			defaultConfigurationName = Release;
		};
		FA8E8BBC1DD83FEE003CDBE2 /* Build configuration list for PBXNativeTarget "FacebookLoginSample-iOS" */ = {
			isa = XCConfigurationList;
			buildConfigurations = (
				FA8E8BBD1DD83FEE003CDBE2 /* Debug */,
				FA8E8BBE1DD83FEE003CDBE2 /* Release */,
			);
			defaultConfigurationIsVisible = 0;
			defaultConfigurationName = Release;
		};
/* End XCConfigurationList section */
	};
	rootObject = FA8E8BA21DD83FEE003CDBE2 /* Project object */;
}
